{
  "version": 4,
  "terraform_version": "1.11.4",
  "serial": 185,
  "lineage": "63357653-c9d2-2468-efcf-a2e8afc575de",
  "outputs": {
    "db_endpoint": {
      "value": "terraform-20250502151753415500000001.c89o40eo6jgk.us-east-1.rds.amazonaws.com:3306",
      "type": "string"
    },
    "ssh_connection_command": {
      "value": "ssh -i web_key.pem ubuntu@98.83.10.126",
      "type": "string"
    },
    "vpc_id": {
      "value": "vpc-049c15c930bbc6a71",
      "type": "string"
    },
    "web_server_public_ip": {
      "value": "98.83.10.126",
      "type": "string"
    },
    "web_url": {
      "value": "http://98.83.10.126",
      "type": "string"
    }
  },
  "resources": [
    {
      "module": "module.database",
      "mode": "managed",
      "type": "aws_db_instance",
      "name": "default",
      "provider": "provider[\"registry.terraform.io/hashicorp/aws\"]",
      "instances": [
        {
          "schema_version": 1,
          "attributes": {
            "address": "terraform-20250502151753415500000001.c89o40eo6jgk.us-east-1.rds.amazonaws.com",
            "allocated_storage": 10,
            "allow_major_version_upgrade": null,
            "apply_immediately": false,
            "arn": "arn:aws:rds:us-east-1:418272794059:db:terraform-20250502151753415500000001",
            "auto_minor_version_upgrade": true,
            "availability_zone": "us-east-1b",
            "backup_retention_period": 7,
            "backup_window": "03:00-04:00",
            "blue_green_update": [],
            "ca_cert_identifier": "rds-ca-rsa2048-g1",
            "character_set_name": "",
            "copy_tags_to_snapshot": false,
            "custom_iam_instance_profile": "",
            "customer_owned_ip_enabled": false,
            "db_name": "mydb",
            "db_subnet_group_name": "dev-db-subnet-group-vpc-049c",
            "delete_automated_backups": true,
            "deletion_protection": false,
            "domain": "",
            "domain_iam_role_name": "",
            "enabled_cloudwatch_logs_exports": null,
            "endpoint": "terraform-20250502151753415500000001.c89o40eo6jgk.us-east-1.rds.amazonaws.com:3306",
            "engine": "mysql",
            "engine_version": "8.0",
            "engine_version_actual": "8.0.41",
            "final_snapshot_identifier": null,
            "hosted_zone_id": "Z2R2ITUGPM61AM",
            "iam_database_authentication_enabled": false,
            "id": "terraform-20250502151753415500000001",
            "identifier": "terraform-20250502151753415500000001",
            "identifier_prefix": "terraform-",
            "instance_class": "db.t3.micro",
            "iops": 0,
            "kms_key_id": "",
            "latest_restorable_time": "2025-05-02T15:22:31Z",
            "license_model": "general-public-license",
            "listener_endpoint": [],
            "maintenance_window": "mon:04:00-mon:05:00",
            "manage_master_user_password": null,
            "master_user_secret": [],
            "master_user_secret_kms_key_id": null,
            "max_allocated_storage": 0,
            "monitoring_interval": 0,
            "monitoring_role_arn": "",
            "multi_az": false,
            "name": "mydb",
            "nchar_character_set_name": "",
            "network_type": "IPV4",
            "option_group_name": "default:mysql-8-0",
            "parameter_group_name": "dev-mysql-params",
            "password": "password123",
            "performance_insights_enabled": false,
            "performance_insights_kms_key_id": "",
            "performance_insights_retention_period": 0,
            "port": 3306,
            "publicly_accessible": false,
            "replica_mode": "",
            "replicas": [],
            "replicate_source_db": "",
            "resource_id": "db-ZNNR2UTFKOZ5546IVTWVEU77QE",
            "restore_to_point_in_time": [],
            "s3_import": [],
            "security_group_names": null,
            "skip_final_snapshot": true,
            "snapshot_identifier": null,
            "status": "available",
            "storage_encrypted": false,
            "storage_throughput": 0,
            "storage_type": "gp2",
            "tags": {
              "Name": "dev-mysql-rds",
              "VPC": "vpc-049c15c930bbc6a71"
            },
            "tags_all": {
              "Environment": "dev",
              "ManagedBy": "Terraform",
              "Name": "dev-mysql-rds",
              "Project": "Terraform-AWS-Project",
              "VPC": "vpc-049c15c930bbc6a71"
            },
            "timeouts": null,
            "timezone": "",
            "username": "admin",
            "vpc_security_group_ids": [
              "sg-088bd9774e9978735"
            ]
          },
          "sensitive_attributes": [
            [
              {
                "type": "get_attr",
                "value": "password"
              }
            ]
          ],
          "private": "eyJlMmJmYjczMC1lY2FhLTExZTYtOGY4OC0zNDM2M2JjN2M0YzAiOnsiY3JlYXRlIjoyNDAwMDAwMDAwMDAwLCJkZWxldGUiOjM2MDAwMDAwMDAwMDAsInVwZGF0ZSI6NDgwMDAwMDAwMDAwMH0sInNjaGVtYV92ZXJzaW9uIjoiMSJ9",
          "dependencies": [
            "module.database.aws_db_parameter_group.default",
            "module.database.aws_db_subnet_group.default",
            "module.network.aws_subnet.private",
            "module.network.aws_subnet.private_2",
            "module.network.aws_vpc.main_vpc",
            "module.security.aws_security_group.db",
            "module.security.aws_security_group.web"
          ],
          "create_before_destroy": true
        }
      ]
    },
    {
      "module": "module.database",
      "mode": "managed",
      "type": "aws_db_parameter_group",
      "name": "default",
      "provider": "provider[\"registry.terraform.io/hashicorp/aws\"]",
      "instances": [
        {
          "schema_version": 0,
          "attributes": {
            "arn": "arn:aws:rds:us-east-1:418272794059:pg:dev-mysql-params",
            "description": "Managed by Terraform",
            "family": "mysql8.0",
            "id": "dev-mysql-params",
            "name": "dev-mysql-params",
            "name_prefix": null,
            "parameter": [
              {
                "apply_method": "immediate",
                "name": "character_set_client",
                "value": "utf8"
              },
              {
                "apply_method": "immediate",
                "name": "character_set_server",
                "value": "utf8"
              }
            ],
            "tags": {
              "Name": "dev-mysql-params"
            },
            "tags_all": {
              "Environment": "dev",
              "ManagedBy": "Terraform",
              "Name": "dev-mysql-params",
              "Project": "Terraform-AWS-Project"
            }
          },
          "sensitive_attributes": [],
          "private": "bnVsbA==",
          "create_before_destroy": true
        }
      ]
    },
    {
      "module": "module.database",
      "mode": "managed",
      "type": "aws_db_subnet_group",
      "name": "default",
      "provider": "provider[\"registry.terraform.io/hashicorp/aws\"]",
      "instances": [
        {
          "schema_version": 0,
          "attributes": {
            "arn": "arn:aws:rds:us-east-1:418272794059:subgrp:dev-db-subnet-group-vpc-049c",
            "description": "DB subnet group for dev environment in VPC vpc-049c15c930bbc6a71",
            "id": "dev-db-subnet-group-vpc-049c",
            "name": "dev-db-subnet-group-vpc-049c",
            "name_prefix": "",
            "subnet_ids": [
              "subnet-031baa1ec077a9bcf",
              "subnet-0ec81a7dd36ebc12a"
            ],
            "supported_network_types": [
              "IPV4"
            ],
            "tags": {
              "Name": "dev-db-subnet-group",
              "VPC": "vpc-049c15c930bbc6a71"
            },
            "tags_all": {
              "Environment": "dev",
              "ManagedBy": "Terraform",
              "Name": "dev-db-subnet-group",
              "Project": "Terraform-AWS-Project",
              "VPC": "vpc-049c15c930bbc6a71"
            },
            "vpc_id": "vpc-049c15c930bbc6a71"
          },
          "sensitive_attributes": [],
          "private": "bnVsbA==",
          "dependencies": [
            "module.network.aws_subnet.private",
            "module.network.aws_subnet.private_2",
            "module.network.aws_vpc.main_vpc"
          ],
          "create_before_destroy": true
        }
      ]
    },
    {
      "module": "module.network",
      "mode": "managed",
      "type": "aws_internet_gateway",
      "name": "gw",
      "provider": "provider[\"registry.terraform.io/hashicorp/aws\"]",
      "instances": [
        {
          "schema_version": 0,
          "attributes": {
            "arn": "arn:aws:ec2:us-east-1:418272794059:internet-gateway/igw-0f9a4c2da331c0ba8",
            "id": "igw-0f9a4c2da331c0ba8",
            "owner_id": "418272794059",
            "tags": {
              "Name": "dev-igw"
            },
            "tags_all": {
              "Environment": "dev",
              "ManagedBy": "Terraform",
              "Name": "dev-igw",
              "Project": "Terraform-AWS-Project"
            },
            "timeouts": null,
            "vpc_id": "vpc-049c15c930bbc6a71"
          },
          "sensitive_attributes": [],
          "private": "eyJlMmJmYjczMC1lY2FhLTExZTYtOGY4OC0zNDM2M2JjN2M0YzAiOnsiY3JlYXRlIjoxMjAwMDAwMDAwMDAwLCJkZWxldGUiOjEyMDAwMDAwMDAwMDAsInVwZGF0ZSI6MTIwMDAwMDAwMDAwMH19",
          "dependencies": [
            "module.network.aws_vpc.main_vpc"
          ]
        }
      ]
    },
    {
      "module": "module.network",
      "mode": "managed",
      "type": "aws_route_table",
      "name": "private",
      "provider": "provider[\"registry.terraform.io/hashicorp/aws\"]",
      "instances": [
        {
          "schema_version": 0,
          "attributes": {
            "arn": "arn:aws:ec2:us-east-1:418272794059:route-table/rtb-0dbf9323b7fb03074",
            "id": "rtb-0dbf9323b7fb03074",
            "owner_id": "418272794059",
            "propagating_vgws": [],
            "route": [],
            "tags": {
              "Name": "dev-private-rt"
            },
            "tags_all": {
              "Environment": "dev",
              "ManagedBy": "Terraform",
              "Name": "dev-private-rt",
              "Project": "Terraform-AWS-Project"
            },
            "timeouts": null,
            "vpc_id": "vpc-049c15c930bbc6a71"
          },
          "sensitive_attributes": [],
          "private": "eyJlMmJmYjczMC1lY2FhLTExZTYtOGY4OC0zNDM2M2JjN2M0YzAiOnsiY3JlYXRlIjozMDAwMDAwMDAwMDAsImRlbGV0ZSI6MzAwMDAwMDAwMDAwLCJ1cGRhdGUiOjEyMDAwMDAwMDAwMH19",
          "dependencies": [
            "module.network.aws_vpc.main_vpc"
          ]
        }
      ]
    },
    {
      "module": "module.network",
      "mode": "managed",
      "type": "aws_route_table",
      "name": "public",
      "provider": "provider[\"registry.terraform.io/hashicorp/aws\"]",
      "instances": [
        {
          "schema_version": 0,
          "attributes": {
            "arn": "arn:aws:ec2:us-east-1:418272794059:route-table/rtb-0dfa80e1f9eb7794a",
            "id": "rtb-0dfa80e1f9eb7794a",
            "owner_id": "418272794059",
            "propagating_vgws": [],
            "route": [
              {
                "carrier_gateway_id": "",
                "cidr_block": "0.0.0.0/0",
                "core_network_arn": "",
                "destination_prefix_list_id": "",
                "egress_only_gateway_id": "",
                "gateway_id": "igw-0f9a4c2da331c0ba8",
                "instance_id": "",
                "ipv6_cidr_block": "",
                "local_gateway_id": "",
                "nat_gateway_id": "",
                "network_interface_id": "",
                "transit_gateway_id": "",
                "vpc_endpoint_id": "",
                "vpc_peering_connection_id": ""
              }
            ],
            "tags": {
              "Name": "dev-public-rt"
            },
            "tags_all": {
              "Environment": "dev",
              "ManagedBy": "Terraform",
              "Name": "dev-public-rt",
              "Project": "Terraform-AWS-Project"
            },
            "timeouts": null,
            "vpc_id": "vpc-049c15c930bbc6a71"
          },
          "sensitive_attributes": [],
          "private": "eyJlMmJmYjczMC1lY2FhLTExZTYtOGY4OC0zNDM2M2JjN2M0YzAiOnsiY3JlYXRlIjozMDAwMDAwMDAwMDAsImRlbGV0ZSI6MzAwMDAwMDAwMDAwLCJ1cGRhdGUiOjEyMDAwMDAwMDAwMH19",
          "dependencies": [
            "module.network.aws_internet_gateway.gw",
            "module.network.aws_vpc.main_vpc"
          ]
        }
      ]
    },
    {
      "module": "module.network",
      "mode": "managed",
      "type": "aws_route_table_association",
      "name": "private",
      "provider": "provider[\"registry.terraform.io/hashicorp/aws\"]",
      "instances": [
        {
          "schema_version": 0,
          "attributes": {
            "gateway_id": "",
            "id": "rtbassoc-08b82bb53934035e2",
            "route_table_id": "rtb-0dbf9323b7fb03074",
            "subnet_id": "subnet-031baa1ec077a9bcf",
            "timeouts": null
          },
          "sensitive_attributes": [],
          "private": "eyJlMmJmYjczMC1lY2FhLTExZTYtOGY4OC0zNDM2M2JjN2M0YzAiOnsiY3JlYXRlIjozMDAwMDAwMDAwMDAsImRlbGV0ZSI6MzAwMDAwMDAwMDAwLCJ1cGRhdGUiOjEyMDAwMDAwMDAwMH19",
          "dependencies": [
            "module.network.aws_route_table.private",
            "module.network.aws_subnet.private",
            "module.network.aws_vpc.main_vpc"
          ]
        }
      ]
    },
    {
      "module": "module.network",
      "mode": "managed",
      "type": "aws_route_table_association",
      "name": "private_2",
      "provider": "provider[\"registry.terraform.io/hashicorp/aws\"]",
      "instances": [
        {
          "schema_version": 0,
          "attributes": {
            "gateway_id": "",
            "id": "rtbassoc-0eb1c36cf76e63341",
            "route_table_id": "rtb-0dbf9323b7fb03074",
            "subnet_id": "subnet-0ec81a7dd36ebc12a",
            "timeouts": null
          },
          "sensitive_attributes": [],
          "private": "eyJlMmJmYjczMC1lY2FhLTExZTYtOGY4OC0zNDM2M2JjN2M0YzAiOnsiY3JlYXRlIjozMDAwMDAwMDAwMDAsImRlbGV0ZSI6MzAwMDAwMDAwMDAwLCJ1cGRhdGUiOjEyMDAwMDAwMDAwMH19",
          "dependencies": [
            "module.network.aws_route_table.private",
            "module.network.aws_subnet.private_2",
            "module.network.aws_vpc.main_vpc"
          ]
        }
      ]
    },
    {
      "module": "module.network",
      "mode": "managed",
      "type": "aws_route_table_association",
      "name": "public",
      "provider": "provider[\"registry.terraform.io/hashicorp/aws\"]",
      "instances": [
        {
          "schema_version": 0,
          "attributes": {
            "gateway_id": "",
            "id": "rtbassoc-0e8066c9ddcdad280",
            "route_table_id": "rtb-0dfa80e1f9eb7794a",
            "subnet_id": "subnet-08b01b64a070ae00f",
            "timeouts": null
          },
          "sensitive_attributes": [],
          "private": "eyJlMmJmYjczMC1lY2FhLTExZTYtOGY4OC0zNDM2M2JjN2M0YzAiOnsiY3JlYXRlIjozMDAwMDAwMDAwMDAsImRlbGV0ZSI6MzAwMDAwMDAwMDAwLCJ1cGRhdGUiOjEyMDAwMDAwMDAwMH19",
          "dependencies": [
            "module.network.aws_internet_gateway.gw",
            "module.network.aws_route_table.public",
            "module.network.aws_subnet.public",
            "module.network.aws_vpc.main_vpc"
          ]
        }
      ]
    },
    {
      "module": "module.network",
      "mode": "managed",
      "type": "aws_subnet",
      "name": "private",
      "provider": "provider[\"registry.terraform.io/hashicorp/aws\"]",
      "instances": [
        {
          "schema_version": 1,
          "attributes": {
            "arn": "arn:aws:ec2:us-east-1:418272794059:subnet/subnet-031baa1ec077a9bcf",
            "assign_ipv6_address_on_creation": false,
            "availability_zone": "us-east-1a",
            "availability_zone_id": "use1-az1",
            "cidr_block": "10.0.2.0/24",
            "customer_owned_ipv4_pool": "",
            "enable_dns64": false,
            "enable_lni_at_device_index": 0,
            "enable_resource_name_dns_a_record_on_launch": false,
            "enable_resource_name_dns_aaaa_record_on_launch": false,
            "id": "subnet-031baa1ec077a9bcf",
            "ipv6_cidr_block": "",
            "ipv6_cidr_block_association_id": "",
            "ipv6_native": false,
            "map_customer_owned_ip_on_launch": false,
            "map_public_ip_on_launch": false,
            "outpost_arn": "",
            "owner_id": "418272794059",
            "private_dns_hostname_type_on_launch": "ip-name",
            "tags": {
              "Name": "dev-private-subnet"
            },
            "tags_all": {
              "Environment": "dev",
              "ManagedBy": "Terraform",
              "Name": "dev-private-subnet",
              "Project": "Terraform-AWS-Project"
            },
            "timeouts": null,
            "vpc_id": "vpc-049c15c930bbc6a71"
          },
          "sensitive_attributes": [],
          "private": "eyJlMmJmYjczMC1lY2FhLTExZTYtOGY4OC0zNDM2M2JjN2M0YzAiOnsiY3JlYXRlIjo2MDAwMDAwMDAwMDAsImRlbGV0ZSI6MTIwMDAwMDAwMDAwMH0sInNjaGVtYV92ZXJzaW9uIjoiMSJ9",
          "dependencies": [
            "module.network.aws_vpc.main_vpc"
          ],
          "create_before_destroy": true
        }
      ]
    },
    {
      "module": "module.network",
      "mode": "managed",
      "type": "aws_subnet",
      "name": "private_2",
      "provider": "provider[\"registry.terraform.io/hashicorp/aws\"]",
      "instances": [
        {
          "schema_version": 1,
          "attributes": {
            "arn": "arn:aws:ec2:us-east-1:418272794059:subnet/subnet-0ec81a7dd36ebc12a",
            "assign_ipv6_address_on_creation": false,
            "availability_zone": "us-east-1b",
            "availability_zone_id": "use1-az2",
            "cidr_block": "10.0.3.0/24",
            "customer_owned_ipv4_pool": "",
            "enable_dns64": false,
            "enable_lni_at_device_index": 0,
            "enable_resource_name_dns_a_record_on_launch": false,
            "enable_resource_name_dns_aaaa_record_on_launch": false,
            "id": "subnet-0ec81a7dd36ebc12a",
            "ipv6_cidr_block": "",
            "ipv6_cidr_block_association_id": "",
            "ipv6_native": false,
            "map_customer_owned_ip_on_launch": false,
            "map_public_ip_on_launch": false,
            "outpost_arn": "",
            "owner_id": "418272794059",
            "private_dns_hostname_type_on_launch": "ip-name",
            "tags": {
              "Name": "dev-private-subnet-2"
            },
            "tags_all": {
              "Environment": "dev",
              "ManagedBy": "Terraform",
              "Name": "dev-private-subnet-2",
              "Project": "Terraform-AWS-Project"
            },
            "timeouts": null,
            "vpc_id": "vpc-049c15c930bbc6a71"
          },
          "sensitive_attributes": [],
          "private": "eyJlMmJmYjczMC1lY2FhLTExZTYtOGY4OC0zNDM2M2JjN2M0YzAiOnsiY3JlYXRlIjo2MDAwMDAwMDAwMDAsImRlbGV0ZSI6MTIwMDAwMDAwMDAwMH0sInNjaGVtYV92ZXJzaW9uIjoiMSJ9",
          "dependencies": [
            "module.network.aws_vpc.main_vpc"
          ],
          "create_before_destroy": true
        }
      ]
    },
    {
      "module": "module.network",
      "mode": "managed",
      "type": "aws_subnet",
      "name": "public",
      "provider": "provider[\"registry.terraform.io/hashicorp/aws\"]",
      "instances": [
        {
          "schema_version": 1,
          "attributes": {
            "arn": "arn:aws:ec2:us-east-1:418272794059:subnet/subnet-08b01b64a070ae00f",
            "assign_ipv6_address_on_creation": false,
            "availability_zone": "us-east-1a",
            "availability_zone_id": "use1-az1",
            "cidr_block": "10.0.1.0/24",
            "customer_owned_ipv4_pool": "",
            "enable_dns64": false,
            "enable_lni_at_device_index": 0,
            "enable_resource_name_dns_a_record_on_launch": false,
            "enable_resource_name_dns_aaaa_record_on_launch": false,
            "id": "subnet-08b01b64a070ae00f",
            "ipv6_cidr_block": "",
            "ipv6_cidr_block_association_id": "",
            "ipv6_native": false,
            "map_customer_owned_ip_on_launch": false,
            "map_public_ip_on_launch": true,
            "outpost_arn": "",
            "owner_id": "418272794059",
            "private_dns_hostname_type_on_launch": "ip-name",
            "tags": {
              "Name": "dev-public-subnet"
            },
            "tags_all": {
              "Environment": "dev",
              "ManagedBy": "Terraform",
              "Name": "dev-public-subnet",
              "Project": "Terraform-AWS-Project"
            },
            "timeouts": null,
            "vpc_id": "vpc-049c15c930bbc6a71"
          },
          "sensitive_attributes": [],
          "private": "eyJlMmJmYjczMC1lY2FhLTExZTYtOGY4OC0zNDM2M2JjN2M0YzAiOnsiY3JlYXRlIjo2MDAwMDAwMDAwMDAsImRlbGV0ZSI6MTIwMDAwMDAwMDAwMH0sInNjaGVtYV92ZXJzaW9uIjoiMSJ9",
          "dependencies": [
            "module.network.aws_vpc.main_vpc"
          ],
          "create_before_destroy": true
        }
      ]
    },
    {
      "module": "module.network",
      "mode": "managed",
      "type": "aws_vpc",
      "name": "main_vpc",
      "provider": "provider[\"registry.terraform.io/hashicorp/aws\"]",
      "instances": [
        {
          "schema_version": 1,
          "attributes": {
            "arn": "arn:aws:ec2:us-east-1:418272794059:vpc/vpc-049c15c930bbc6a71",
            "assign_generated_ipv6_cidr_block": false,
            "cidr_block": "10.0.0.0/16",
            "default_network_acl_id": "acl-0ea3124f7fe212cfd",
            "default_route_table_id": "rtb-00c5ecb2f3e6513e3",
            "default_security_group_id": "sg-0d008a87967cc6fc2",
            "dhcp_options_id": "dopt-0c6877faf2b81988c",
            "enable_classiclink": false,
            "enable_classiclink_dns_support": false,
            "enable_dns_hostnames": true,
            "enable_dns_support": true,
            "enable_network_address_usage_metrics": false,
            "id": "vpc-049c15c930bbc6a71",
            "instance_tenancy": "default",
            "ipv4_ipam_pool_id": null,
            "ipv4_netmask_length": null,
            "ipv6_association_id": "",
            "ipv6_cidr_block": "",
            "ipv6_cidr_block_network_border_group": "",
            "ipv6_ipam_pool_id": "",
            "ipv6_netmask_length": 0,
            "main_route_table_id": "rtb-00c5ecb2f3e6513e3",
            "owner_id": "418272794059",
            "tags": {
              "Name": "dev-vpc"
            },
            "tags_all": {
              "Environment": "dev",
              "ManagedBy": "Terraform",
              "Name": "dev-vpc",
              "Project": "Terraform-AWS-Project"
            }
          },
          "sensitive_attributes": [],
          "private": "eyJzY2hlbWFfdmVyc2lvbiI6IjEifQ==",
          "create_before_destroy": true
        }
      ]
    },
    {
      "module": "module.security",
      "mode": "managed",
      "type": "aws_security_group",
      "name": "db",
      "provider": "provider[\"registry.terraform.io/hashicorp/aws\"]",
      "instances": [
        {
          "schema_version": 1,
          "attributes": {
            "arn": "arn:aws:ec2:us-east-1:418272794059:security-group/sg-088bd9774e9978735",
            "description": "Allow database traffic from web servers",
            "egress": [
              {
                "cidr_blocks": [
                  "0.0.0.0/0"
                ],
                "description": "Allow all outbound traffic",
                "from_port": 0,
                "ipv6_cidr_blocks": [],
                "prefix_list_ids": [],
                "protocol": "-1",
                "security_groups": [],
                "self": false,
                "to_port": 0
              }
            ],
            "id": "sg-088bd9774e9978735",
            "ingress": [
              {
                "cidr_blocks": [],
                "description": "Allow MySQL traffic from web servers",
                "from_port": 3306,
                "ipv6_cidr_blocks": [],
                "prefix_list_ids": [],
                "protocol": "tcp",
                "security_groups": [
                  "sg-0468eebee18bbe663"
                ],
                "self": false,
                "to_port": 3306
              }
            ],
            "name": "dev-db-sg",
            "name_prefix": "",
            "owner_id": "418272794059",
            "revoke_rules_on_delete": false,
            "tags": {
              "Name": "dev-db-sg"
            },
            "tags_all": {
              "Environment": "dev",
              "ManagedBy": "Terraform",
              "Name": "dev-db-sg",
              "Project": "Terraform-AWS-Project"
            },
            "timeouts": null,
            "vpc_id": "vpc-049c15c930bbc6a71"
          },
          "sensitive_attributes": [],
          "private": "eyJlMmJmYjczMC1lY2FhLTExZTYtOGY4OC0zNDM2M2JjN2M0YzAiOnsiY3JlYXRlIjo2MDAwMDAwMDAwMDAsImRlbGV0ZSI6OTAwMDAwMDAwMDAwfSwic2NoZW1hX3ZlcnNpb24iOiIxIn0=",
          "dependencies": [
            "module.network.aws_vpc.main_vpc",
            "module.security.aws_security_group.web"
          ],
          "create_before_destroy": true
        }
      ]
    },
    {
      "module": "module.security",
      "mode": "managed",
      "type": "aws_security_group",
      "name": "web",
      "provider": "provider[\"registry.terraform.io/hashicorp/aws\"]",
      "instances": [
        {
          "schema_version": 1,
          "attributes": {
            "arn": "arn:aws:ec2:us-east-1:418272794059:security-group/sg-0468eebee18bbe663",
            "description": "Allow web and SSH traffic",
            "egress": [
              {
                "cidr_blocks": [
                  "0.0.0.0/0"
                ],
                "description": "Allow all outbound traffic",
                "from_port": 0,
                "ipv6_cidr_blocks": [],
                "prefix_list_ids": [],
                "protocol": "-1",
                "security_groups": [],
                "self": false,
                "to_port": 0
              }
            ],
            "id": "sg-0468eebee18bbe663",
            "ingress": [
              {
                "cidr_blocks": [
                  "0.0.0.0/0"
                ],
                "description": "Allow HTTP traffic",
                "from_port": 80,
                "ipv6_cidr_blocks": [],
                "prefix_list_ids": [],
                "protocol": "tcp",
                "security_groups": [],
                "self": false,
                "to_port": 80
              },
              {
                "cidr_blocks": [
                  "0.0.0.0/0"
                ],
                "description": "Allow HTTPS traffic",
                "from_port": 443,
                "ipv6_cidr_blocks": [],
                "prefix_list_ids": [],
                "protocol": "tcp",
                "security_groups": [],
                "self": false,
                "to_port": 443
              },
              {
                "cidr_blocks": [
                  "0.0.0.0/0"
                ],
                "description": "Allow SSH access",
                "from_port": 22,
                "ipv6_cidr_blocks": [],
                "prefix_list_ids": [],
                "protocol": "tcp",
                "security_groups": [],
                "self": false,
                "to_port": 22
              }
            ],
            "name": "dev-web-sg",
            "name_prefix": "",
            "owner_id": "418272794059",
            "revoke_rules_on_delete": false,
            "tags": {
              "Name": "dev-web-sg"
            },
            "tags_all": {
              "Environment": "dev",
              "ManagedBy": "Terraform",
              "Name": "dev-web-sg",
              "Project": "Terraform-AWS-Project"
            },
            "timeouts": null,
            "vpc_id": "vpc-049c15c930bbc6a71"
          },
          "sensitive_attributes": [],
          "private": "eyJlMmJmYjczMC1lY2FhLTExZTYtOGY4OC0zNDM2M2JjN2M0YzAiOnsiY3JlYXRlIjo2MDAwMDAwMDAwMDAsImRlbGV0ZSI6OTAwMDAwMDAwMDAwfSwic2NoZW1hX3ZlcnNpb24iOiIxIn0=",
          "dependencies": [
            "module.network.aws_vpc.main_vpc"
          ],
          "create_before_destroy": true
        }
      ]
    },
    {
      "module": "module.webserver",
      "mode": "data",
      "type": "aws_ami",
      "name": "ubuntu",
      "provider": "provider[\"registry.terraform.io/hashicorp/aws\"]",
      "instances": [
        {
          "schema_version": 0,
          "attributes": {
            "architecture": "x86_64",
            "arn": "arn:aws:ec2:us-east-1::image/ami-00ca0754cabb20b45",
            "block_device_mappings": [
              {
                "device_name": "/dev/sda1",
                "ebs": {
                  "delete_on_termination": "true",
                  "encrypted": "false",
                  "iops": "0",
                  "snapshot_id": "snap-0e24f9b6cb4e77576",
                  "throughput": "0",
                  "volume_size": "8",
                  "volume_type": "gp2"
                },
                "no_device": "",
                "virtual_name": ""
              },
              {
                "device_name": "/dev/sdb",
                "ebs": {},
                "no_device": "",
                "virtual_name": "ephemeral0"
              },
              {
                "device_name": "/dev/sdc",
                "ebs": {},
                "no_device": "",
                "virtual_name": "ephemeral1"
              }
            ],
            "boot_mode": "legacy-bios",
            "creation_date": "2025-04-29T10:28:55.000Z",
            "deprecation_time": "2027-04-29T10:28:55.000Z",
            "description": "Canonical, Ubuntu, 20.04, amd64 focal image",
            "ena_support": true,
            "executable_users": null,
            "filter": [
              {
                "name": "name",
                "values": [
                  "ubuntu/images/hvm-ssd/ubuntu-focal-20.04-amd64-server-*"
                ]
              },
              {
                "name": "virtualization-type",
                "values": [
                  "hvm"
                ]
              }
            ],
            "hypervisor": "xen",
            "id": "ami-00ca0754cabb20b45",
            "image_id": "ami-00ca0754cabb20b45",
            "image_location": "amazon/ubuntu/images/hvm-ssd/ubuntu-focal-20.04-amd64-server-20250429",
            "image_owner_alias": "amazon",
            "image_type": "machine",
            "imds_support": "",
            "include_deprecated": false,
            "kernel_id": "",
            "most_recent": true,
            "name": "ubuntu/images/hvm-ssd/ubuntu-focal-20.04-amd64-server-20250429",
            "name_regex": null,
            "owner_id": "099720109477",
            "owners": [
              "099720109477"
            ],
            "platform": "",
            "platform_details": "Linux/UNIX",
            "product_codes": [],
            "public": true,
            "ramdisk_id": "",
            "root_device_name": "/dev/sda1",
            "root_device_type": "ebs",
            "root_snapshot_id": "snap-0e24f9b6cb4e77576",
            "sriov_net_support": "simple",
            "state": "available",
            "state_reason": {
              "code": "UNSET",
              "message": "UNSET"
            },
            "tags": {},
            "timeouts": null,
            "tpm_support": "",
            "usage_operation": "RunInstances",
            "virtualization_type": "hvm"
          },
          "sensitive_attributes": []
        }
      ]
    },
    {
      "module": "module.webserver",
      "mode": "managed",
      "type": "aws_eip",
      "name": "web",
      "provider": "provider[\"registry.terraform.io/hashicorp/aws\"]",
      "instances": [
        {
          "schema_version": 0,
          "attributes": {
            "address": null,
            "allocation_id": "eipalloc-0a9e748ddd009d791",
            "associate_with_private_ip": null,
            "association_id": "eipassoc-0a0a43930a35be025",
            "carrier_ip": "",
            "customer_owned_ip": "",
            "customer_owned_ipv4_pool": "",
            "domain": "vpc",
            "id": "eipalloc-0a9e748ddd009d791",
            "instance": "i-00063384197814ccf",
            "network_border_group": "us-east-1",
            "network_interface": "eni-09f0a8651c36598df",
            "private_dns": "ip-10-0-1-42.ec2.internal",
            "private_ip": "10.0.1.42",
            "public_dns": "ec2-98-83-10-126.compute-1.amazonaws.com",
            "public_ip": "98.83.10.126",
            "public_ipv4_pool": "amazon",
            "tags": {
              "Name": "dev-web-eip"
            },
            "tags_all": {
              "Environment": "dev",
              "ManagedBy": "Terraform",
              "Name": "dev-web-eip",
              "Project": "Terraform-AWS-Project"
            },
            "timeouts": null,
            "vpc": true
          },
          "sensitive_attributes": [],
          "private": "eyJlMmJmYjczMC1lY2FhLTExZTYtOGY4OC0zNDM2M2JjN2M0YzAiOnsiZGVsZXRlIjoxODAwMDAwMDAwMDAsInJlYWQiOjkwMDAwMDAwMDAwMCwidXBkYXRlIjozMDAwMDAwMDAwMDB9fQ==",
          "dependencies": [
            "module.database.aws_db_instance.default",
            "module.database.aws_db_parameter_group.default",
            "module.database.aws_db_subnet_group.default",
            "module.network.aws_subnet.private",
            "module.network.aws_subnet.private_2",
            "module.network.aws_subnet.public",
            "module.network.aws_vpc.main_vpc",
            "module.security.aws_security_group.db",
            "module.security.aws_security_group.web",
            "module.webserver.aws_instance.web",
            "module.webserver.aws_key_pair.web_key",
            "module.webserver.data.aws_ami.ubuntu",
            "module.webserver.tls_private_key.web_key"
          ],
          "create_before_destroy": true
        }
      ]
    },
    {
      "module": "module.webserver",
      "mode": "managed",
      "type": "aws_instance",
      "name": "web",
      "provider": "provider[\"registry.terraform.io/hashicorp/aws\"]",
      "instances": [
        {
          "schema_version": 1,
          "attributes": {
            "ami": "ami-00ca0754cabb20b45",
            "arn": "arn:aws:ec2:us-east-1:418272794059:instance/i-00063384197814ccf",
            "associate_public_ip_address": true,
            "availability_zone": "us-east-1a",
            "capacity_reservation_specification": [
              {
                "capacity_reservation_preference": "open",
                "capacity_reservation_target": []
              }
            ],
            "cpu_core_count": 1,
            "cpu_options": [
              {
                "amd_sev_snp": "",
                "core_count": 1,
                "threads_per_core": 1
              }
            ],
            "cpu_threads_per_core": 1,
            "credit_specification": [
              {
                "cpu_credits": "standard"
              }
            ],
            "disable_api_stop": false,
            "disable_api_termination": false,
            "ebs_block_device": [],
            "ebs_optimized": false,
            "enclave_options": [
              {
                "enabled": false
              }
            ],
            "ephemeral_block_device": [],
            "get_password_data": false,
            "hibernation": false,
            "host_id": "",
            "host_resource_group_arn": null,
            "iam_instance_profile": "",
            "id": "i-00063384197814ccf",
            "instance_initiated_shutdown_behavior": "stop",
            "instance_state": "running",
            "instance_type": "t2.micro",
            "ipv6_address_count": 0,
            "ipv6_addresses": [],
            "key_name": "my-key-pair",
            "launch_template": [],
            "maintenance_options": [
              {
                "auto_recovery": "default"
              }
            ],
            "metadata_options": [
              {
                "http_endpoint": "enabled",
                "http_put_response_hop_limit": 1,
                "http_tokens": "optional",
                "instance_metadata_tags": "disabled"
              }
            ],
            "monitoring": false,
            "network_interface": [],
            "outpost_arn": "",
            "password_data": "",
            "placement_group": "",
            "placement_partition_number": 0,
            "primary_network_interface_id": "eni-09f0a8651c36598df",
            "private_dns": "ip-10-0-1-42.ec2.internal",
            "private_dns_name_options": [
              {
                "enable_resource_name_dns_a_record": false,
                "enable_resource_name_dns_aaaa_record": false,
                "hostname_type": "ip-name"
              }
            ],
            "private_ip": "10.0.1.42",
            "public_dns": "ec2-44-204-139-248.compute-1.amazonaws.com",
            "public_ip": "44.204.139.248",
            "root_block_device": [
              {
                "delete_on_termination": true,
                "device_name": "/dev/sda1",
                "encrypted": true,
                "iops": 100,
                "kms_key_id": "arn:aws:kms:us-east-1:418272794059:key/10205c4a-3226-414f-bab4-ff0358ac4891",
                "tags": {
                  "Name": "dev-web-server-volume"
                },
                "throughput": 0,
                "volume_id": "vol-0caea1bc8054c09ee",
                "volume_size": 10,
                "volume_type": "gp2"
              }
            ],
            "secondary_private_ips": [],
            "security_groups": [],
            "source_dest_check": true,
            "subnet_id": "subnet-08b01b64a070ae00f",
            "tags": {
              "Name": "dev-web-server"
            },
            "tags_all": {
              "Environment": "dev",
              "ManagedBy": "Terraform",
              "Name": "dev-web-server",
              "Project": "Terraform-AWS-Project"
            },
            "tenancy": "default",
            "timeouts": null,
            "user_data": "07a2eaafd89c258b5b1c4c18ca058752d3fd2417",
            "user_data_base64": null,
            "user_data_replace_on_change": false,
            "volume_tags": null,
            "vpc_security_group_ids": [
              "sg-0468eebee18bbe663"
            ]
          },
          "sensitive_attributes": [
            [
              {
                "type": "get_attr",
                "value": "user_data"
              }
            ]
          ],
          "private": "eyJlMmJmYjczMC1lY2FhLTExZTYtOGY4OC0zNDM2M2JjN2M0YzAiOnsiY3JlYXRlIjo2MDAwMDAwMDAwMDAsImRlbGV0ZSI6MTIwMDAwMDAwMDAwMCwidXBkYXRlIjo2MDAwMDAwMDAwMDB9LCJzY2hlbWFfdmVyc2lvbiI6IjEifQ==",
          "dependencies": [
            "module.database.aws_db_instance.default",
            "module.database.aws_db_parameter_group.default",
            "module.database.aws_db_subnet_group.default",
            "module.network.aws_subnet.private",
            "module.network.aws_subnet.private_2",
            "module.network.aws_subnet.public",
            "module.network.aws_vpc.main_vpc",
            "module.security.aws_security_group.db",
            "module.security.aws_security_group.web",
            "module.webserver.aws_key_pair.web_key",
            "module.webserver.data.aws_ami.ubuntu",
            "module.webserver.tls_private_key.web_key"
          ],
          "create_before_destroy": true
        }
      ]
    },
    {
      "module": "module.webserver",
      "mode": "managed",
      "type": "aws_key_pair",
      "name": "web_key",
      "provider": "provider[\"registry.terraform.io/hashicorp/aws\"]",
      "instances": [
        {
          "schema_version": 1,
          "attributes": {
            "arn": "arn:aws:ec2:us-east-1:418272794059:key-pair/my-key-pair",
            "fingerprint": "91:84:65:68:12:85:a5:77:5f:da:aa:f4:06:40:eb:a7",
            "id": "my-key-pair",
            "key_name": "my-key-pair",
            "key_name_prefix": "",
            "key_pair_id": "key-0ecab08856bf75592",
            "key_type": "rsa",
            "public_key": "ssh-rsa AAAAB3NzaC1yc2EAAAADAQABAAABAQCrwaf/VnDcDXj9QbxgBpFK7Eud9F5TR485Gw6R7VBz8fGkwNu5hyOWRvz4MI6UYgGQKKGSHD+BsxgRIwSK8H0ZgjzAhR2p5pLjVNy0sYwR4StbpxdPJuQD8JcEso2sOFfjyvrC3KguEHMosol+52NRO+bn1merhSLNy2IUG4uL65wdIUxf/Wt8g1saWCZcw1rGrRfG6/vD7qrD7gpyjWGEdR+TNRVQxePQczz3+SDw6R43AvyPLCjS4ahnRAEWdeAPPEPSbTL1deArmphXvsk8z7Nflp5n8VHkSPrWwl2n49wj2eu7v8WRzA6UR9k+2wvaeMpJsWmsvvC0JK2gr66P",
            "tags": null,
            "tags_all": {
              "Environment": "dev",
              "ManagedBy": "Terraform",
              "Project": "Terraform-AWS-Project"
            }
          },
          "sensitive_attributes": [],
          "private": "eyJzY2hlbWFfdmVyc2lvbiI6IjEifQ==",
          "dependencies": [
            "module.database.aws_db_instance.default",
            "module.database.aws_db_parameter_group.default",
            "module.database.aws_db_subnet_group.default",
            "module.network.aws_subnet.private",
            "module.network.aws_subnet.private_2",
            "module.network.aws_vpc.main_vpc",
            "module.security.aws_security_group.db",
            "module.security.aws_security_group.web",
            "module.webserver.tls_private_key.web_key"
          ],
          "create_before_destroy": true
        }
      ]
    },
    {
      "module": "module.webserver",
      "mode": "managed",
      "type": "local_file",
      "name": "private_key",
      "provider": "provider[\"registry.terraform.io/hashicorp/local\"]",
      "instances": [
        {
          "schema_version": 0,
          "attributes": {
            "content": "-----BEGIN RSA PRIVATE KEY-----\nMIIEpAIBAAKCAQEAq8Gn/1Zw3A14/UG8YAaRSuxLnfReU0ePORsOke1Qc/HxpMDb\nuYcjlkb8+DCOlGIBkCihkhw/gbMYESMEivB9GYI8wIUdqeaS41TctLGMEeErW6cX\nTybkA/CXBLKNrDhX48r6wtyoLhBzKLKJfudjUTvm59Znq4UizctiFBuLi+ucHSFM\nX/1rfINbGlgmXMNaxq0Xxuv7w+6qw+4Kco1hhHUfkzUVUMXj0HM89/kg8OkeNwL8\njywo0uGoZ0QBFnXgDzxD0m0y9XXgK5qYV77JPM+zX5aeZ/FR5Ej61sJdp+PcI9nr\nu7/FkcwOlEfZPtsL2njKSbFprL7wtCStoK+ujwIDAQABAoIBABlaMXu4J6/jm+Cj\ndl8k47IPz62WEjeaus0EGGd5LxnziZFMbQ0lTHR0hVyhK4/tfiuS7nPMZaILFy9Y\nYDrzT+lBrHQCciQlBmOLSt9adxbLNNoyKiJN1vRZ7AC5K75TEW4XWmJZrcghjM4M\nuczt8gld8ocgF8IH7zY593/eUlUps6x4Jwnw/+6w739zhIl3CrO6DfDa9tD5wWgZ\nW/sUJiH5obNtOcIIeoxBEOPgUgAGFXRyEZjISr0tzqxEW9RU+SxLVcQab4MXC6e3\ntYmZ+8Dvfrd5tOJTb46iJM98q4wpNtarZzDglYlO5iPAt0d+NCu0m7T0Aydf7La1\nAW3IXoECgYEAxnhkl8qcXhpC3pzlPxvfVXtUL44DpV665nsxpoZwyvkMXKO1KHjA\nNV7hHk5Q1KJtYTqniFB/M4l4T/OX6fwYcNcmuWiRf5Pb++1nwDiRALAbthQYPiHn\na1xw7g8V1ymQuOyBmsNbCOZW1qriDGoCSM7G4jE64tTa5K5qA3Dn488CgYEA3Yry\n0+DugOfTc4a6c8+X83kJ6ct7rYYd2oRz6cpAonw1LMMNN96/GvOR90uVJEaTzHGz\nWzAP1HoiWPzroHUNV52DtP/dvWEgr6zFge4y1l2iqjw7CMr7ulos+j0f0Ui3P9XR\n+2EtepfPdMvHpx/FIEC73Rkq1EY97sErXqE+eUECgYEAnzj88q3QTspgtTlHzR5u\nSKTdgB09nZDm/nr89SzMFnpAyZ1oe6SMBwUsM2T/AeehOqyUtQ5nThBOXk39pPDj\nJrvkzEAw4hncFTt7zcFTyyp9wNBUNpx6jS4nR0UA75HgEgtjWqa5ROWN60BCg1UU\nqhaBhfua01mSln26fTI6Rw8CgYEAuIwjxc4sv6LeKPFFZm26tW3RjTkdWKpNOhd1\n+32oo/H11cjRvQXHiir2H9uNbH+CZR8d+ksqFKR88kYV/j8jkyW6bk9qJnS/Zrf0\ne0yyepHbjBXKU4PLeCvgJcA/PfZl+D4kwlPsL6BAh5mtQhGcA0cJd5+cZuHwe2/c\nseJ+CUECgYB/s8pqMRnHhmUFWMbMT1EOpm98DupYxKaXcT9CBVnJvFbXzsp6meL6\n4qI0YnG50OZ+GpPT95ONyq7eDfiL8/RmBn4Af1Jp7Jx71z+4TWoezy6Xq/mas9jb\nuTqHmgX39dLNldJNWnC2umRRYaYO22VNGNYojViQjAzyPPdBoAMiYw==\n-----END RSA PRIVATE KEY-----\n",
            "content_base64": null,
            "content_base64sha256": "ZkNZR98tFtGFO8fz4cSV8Vlja1umLFkCvMp6ZTC70lE=",
            "content_base64sha512": "TSnf9tdkjGLDtkd7GcGpoI4CTuCatypyM1tVnRyZY2cxNxZAL779cc8DmyIguGI7HQPV4uqiQVfdAAVAEMIfFQ==",
            "content_md5": "3ef197a0665c364086c98a8348bbb947",
            "content_sha1": "2dc6cebb1f5cc3a96f8cdba215e5ecd6954981bc",
            "content_sha256": "66435947df2d16d1853bc7f3e1c495f159636b5ba62c5902bcca7a6530bbd251",
            "content_sha512": "4d29dff6d7648c62c3b6477b19c1a9a08e024ee09ab72a72335b559d1c996367313716402fbefd71cf039b2220b8623b1d03d5e2eaa24157dd00054010c21f15",
            "directory_permission": "0777",
            "file_permission": "0600",
            "filename": "./web_key.pem",
            "id": "2dc6cebb1f5cc3a96f8cdba215e5ecd6954981bc",
            "sensitive_content": null,
            "source": null
          },
          "sensitive_attributes": [
            [
              {
                "type": "get_attr",
                "value": "sensitive_content"
              }
            ],
            [
              {
                "type": "get_attr",
                "value": "content"
              }
            ]
          ],
          "dependencies": [
            "module.database.aws_db_instance.default",
            "module.database.aws_db_parameter_group.default",
            "module.database.aws_db_subnet_group.default",
            "module.network.aws_subnet.private",
            "module.network.aws_subnet.private_2",
            "module.network.aws_vpc.main_vpc",
            "module.security.aws_security_group.db",
            "module.security.aws_security_group.web",
            "module.webserver.tls_private_key.web_key"
          ]
        }
      ]
    },
    {
      "module": "module.webserver",
      "mode": "managed",
      "type": "tls_private_key",
      "name": "web_key",
      "provider": "provider[\"registry.terraform.io/hashicorp/tls\"]",
      "instances": [
        {
          "schema_version": 1,
          "attributes": {
            "algorithm": "RSA",
            "ecdsa_curve": "P224",
            "id": "3032abd0ab6daafd7bb565c45beb045758ae65fe",
            "private_key_openssh": "-----BEGIN OPENSSH PRIVATE KEY-----\nb3BlbnNzaC1rZXktdjEAAAAABG5vbmUAAAAEbm9uZQAAAAAAAAABAAABFwAAAAdz\nc2gtcnNhAAAAAwEAAQAAAQEAq8Gn/1Zw3A14/UG8YAaRSuxLnfReU0ePORsOke1Q\nc/HxpMDbuYcjlkb8+DCOlGIBkCihkhw/gbMYESMEivB9GYI8wIUdqeaS41TctLGM\nEeErW6cXTybkA/CXBLKNrDhX48r6wtyoLhBzKLKJfudjUTvm59Znq4UizctiFBuL\ni+ucHSFMX/1rfINbGlgmXMNaxq0Xxuv7w+6qw+4Kco1hhHUfkzUVUMXj0HM89/kg\n8OkeNwL8jywo0uGoZ0QBFnXgDzxD0m0y9XXgK5qYV77JPM+zX5aeZ/FR5Ej61sJd\np+PcI9nru7/FkcwOlEfZPtsL2njKSbFprL7wtCStoK+ujwAAA7gVDtrgFQ7a4AAA\nAAdzc2gtcnNhAAABAQCrwaf/VnDcDXj9QbxgBpFK7Eud9F5TR485Gw6R7VBz8fGk\nwNu5hyOWRvz4MI6UYgGQKKGSHD+BsxgRIwSK8H0ZgjzAhR2p5pLjVNy0sYwR4Stb\npxdPJuQD8JcEso2sOFfjyvrC3KguEHMosol+52NRO+bn1merhSLNy2IUG4uL65wd\nIUxf/Wt8g1saWCZcw1rGrRfG6/vD7qrD7gpyjWGEdR+TNRVQxePQczz3+SDw6R43\nAvyPLCjS4ahnRAEWdeAPPEPSbTL1deArmphXvsk8z7Nflp5n8VHkSPrWwl2n49wj\n2eu7v8WRzA6UR9k+2wvaeMpJsWmsvvC0JK2gr66PAAAAAwEAAQAAAQAZWjF7uCev\n45vgo3ZfJOOyD8+tlhI3mrrNBBhneS8Z84mRTG0NJUx0dIVcoSuP7X4rku5zzGWi\nCxcvWGA680/pQax0AnIkJQZji0rfWncWyzTaMioiTdb0WewAuSu+UxFuF1piWa3I\nIYzODLnM7fIJXfKHIBfCB+82Ofd/3lJVKbOseCcJ8P/usO9/c4SJdwqzug3w2vbQ\n+cFoGVv7FCYh+aGzbTnCCHqMQRDj4FIABhV0chGYyEq9Lc6sRFvUVPksS1XEGm+D\nFwunt7WJmfvA7363ebTiU2+OoiTPfKuMKTbWq2cw4JWJTuYjwLdHfjQrtJu09AMn\nX+y2tQFtyF6BAAAAgH+zymoxGceGZQVYxsxPUQ6mb3wO6ljEppdxP0IFWcm8VtfO\nynqZ4vriojRicbnQ5n4ak9P3k43Krt4N+Ivz9GYGfgB/UmnsnHvXP7hNah7PLper\n+Zqz2Nu5OoeaBff10s2V0k1acLa6ZFFhpg7bZU0Y1iiNWJCMDPI890GgAyJjAAAA\ngQDGeGSXypxeGkLenOU/G99Ve1QvjgOlXrrmezGmhnDK+Qxco7UoeMA1XuEeTlDU\nom1hOqeIUH8ziXhP85fp/Bhw1ya5aJF/k9v77WfAOJEAsBu2FBg+IedrXHDuDxXX\nKZC47IGaw1sI5lbWquIMagJIzsbiMTri1NrkrmoDcOfjzwAAAIEA3Yry0+DugOfT\nc4a6c8+X83kJ6ct7rYYd2oRz6cpAonw1LMMNN96/GvOR90uVJEaTzHGzWzAP1Hoi\nWPzroHUNV52DtP/dvWEgr6zFge4y1l2iqjw7CMr7ulos+j0f0Ui3P9XR+2EtepfP\ndMvHpx/FIEC73Rkq1EY97sErXqE+eUEAAAAAAQID\n-----END OPENSSH PRIVATE KEY-----\n",
            "private_key_pem": "-----BEGIN RSA PRIVATE KEY-----\nMIIEpAIBAAKCAQEAq8Gn/1Zw3A14/UG8YAaRSuxLnfReU0ePORsOke1Qc/HxpMDb\nuYcjlkb8+DCOlGIBkCihkhw/gbMYESMEivB9GYI8wIUdqeaS41TctLGMEeErW6cX\nTybkA/CXBLKNrDhX48r6wtyoLhBzKLKJfudjUTvm59Znq4UizctiFBuLi+ucHSFM\nX/1rfINbGlgmXMNaxq0Xxuv7w+6qw+4Kco1hhHUfkzUVUMXj0HM89/kg8OkeNwL8\njywo0uGoZ0QBFnXgDzxD0m0y9XXgK5qYV77JPM+zX5aeZ/FR5Ej61sJdp+PcI9nr\nu7/FkcwOlEfZPtsL2njKSbFprL7wtCStoK+ujwIDAQABAoIBABlaMXu4J6/jm+Cj\ndl8k47IPz62WEjeaus0EGGd5LxnziZFMbQ0lTHR0hVyhK4/tfiuS7nPMZaILFy9Y\nYDrzT+lBrHQCciQlBmOLSt9adxbLNNoyKiJN1vRZ7AC5K75TEW4XWmJZrcghjM4M\nuczt8gld8ocgF8IH7zY593/eUlUps6x4Jwnw/+6w739zhIl3CrO6DfDa9tD5wWgZ\nW/sUJiH5obNtOcIIeoxBEOPgUgAGFXRyEZjISr0tzqxEW9RU+SxLVcQab4MXC6e3\ntYmZ+8Dvfrd5tOJTb46iJM98q4wpNtarZzDglYlO5iPAt0d+NCu0m7T0Aydf7La1\nAW3IXoECgYEAxnhkl8qcXhpC3pzlPxvfVXtUL44DpV665nsxpoZwyvkMXKO1KHjA\nNV7hHk5Q1KJtYTqniFB/M4l4T/OX6fwYcNcmuWiRf5Pb++1nwDiRALAbthQYPiHn\na1xw7g8V1ymQuOyBmsNbCOZW1qriDGoCSM7G4jE64tTa5K5qA3Dn488CgYEA3Yry\n0+DugOfTc4a6c8+X83kJ6ct7rYYd2oRz6cpAonw1LMMNN96/GvOR90uVJEaTzHGz\nWzAP1HoiWPzroHUNV52DtP/dvWEgr6zFge4y1l2iqjw7CMr7ulos+j0f0Ui3P9XR\n+2EtepfPdMvHpx/FIEC73Rkq1EY97sErXqE+eUECgYEAnzj88q3QTspgtTlHzR5u\nSKTdgB09nZDm/nr89SzMFnpAyZ1oe6SMBwUsM2T/AeehOqyUtQ5nThBOXk39pPDj\nJrvkzEAw4hncFTt7zcFTyyp9wNBUNpx6jS4nR0UA75HgEgtjWqa5ROWN60BCg1UU\nqhaBhfua01mSln26fTI6Rw8CgYEAuIwjxc4sv6LeKPFFZm26tW3RjTkdWKpNOhd1\n+32oo/H11cjRvQXHiir2H9uNbH+CZR8d+ksqFKR88kYV/j8jkyW6bk9qJnS/Zrf0\ne0yyepHbjBXKU4PLeCvgJcA/PfZl+D4kwlPsL6BAh5mtQhGcA0cJd5+cZuHwe2/c\nseJ+CUECgYB/s8pqMRnHhmUFWMbMT1EOpm98DupYxKaXcT9CBVnJvFbXzsp6meL6\n4qI0YnG50OZ+GpPT95ONyq7eDfiL8/RmBn4Af1Jp7Jx71z+4TWoezy6Xq/mas9jb\nuTqHmgX39dLNldJNWnC2umRRYaYO22VNGNYojViQjAzyPPdBoAMiYw==\n-----END RSA PRIVATE KEY-----\n",
            "private_key_pem_pkcs8": "-----BEGIN PRIVATE KEY-----\nMIIEvgIBADANBgkqhkiG9w0BAQEFAASCBKgwggSkAgEAAoIBAQCrwaf/VnDcDXj9\nQbxgBpFK7Eud9F5TR485Gw6R7VBz8fGkwNu5hyOWRvz4MI6UYgGQKKGSHD+BsxgR\nIwSK8H0ZgjzAhR2p5pLjVNy0sYwR4StbpxdPJuQD8JcEso2sOFfjyvrC3KguEHMo\nsol+52NRO+bn1merhSLNy2IUG4uL65wdIUxf/Wt8g1saWCZcw1rGrRfG6/vD7qrD\n7gpyjWGEdR+TNRVQxePQczz3+SDw6R43AvyPLCjS4ahnRAEWdeAPPEPSbTL1deAr\nmphXvsk8z7Nflp5n8VHkSPrWwl2n49wj2eu7v8WRzA6UR9k+2wvaeMpJsWmsvvC0\nJK2gr66PAgMBAAECggEAGVoxe7gnr+Ob4KN2XyTjsg/PrZYSN5q6zQQYZ3kvGfOJ\nkUxtDSVMdHSFXKErj+1+K5Luc8xlogsXL1hgOvNP6UGsdAJyJCUGY4tK31p3Fss0\n2jIqIk3W9FnsALkrvlMRbhdaYlmtyCGMzgy5zO3yCV3yhyAXwgfvNjn3f95SVSmz\nrHgnCfD/7rDvf3OEiXcKs7oN8Nr20PnBaBlb+xQmIfmhs205wgh6jEEQ4+BSAAYV\ndHIRmMhKvS3OrERb1FT5LEtVxBpvgxcLp7e1iZn7wO9+t3m04lNvjqIkz3yrjCk2\n1qtnMOCViU7mI8C3R340K7SbtPQDJ1/strUBbchegQKBgQDGeGSXypxeGkLenOU/\nG99Ve1QvjgOlXrrmezGmhnDK+Qxco7UoeMA1XuEeTlDUom1hOqeIUH8ziXhP85fp\n/Bhw1ya5aJF/k9v77WfAOJEAsBu2FBg+IedrXHDuDxXXKZC47IGaw1sI5lbWquIM\nagJIzsbiMTri1NrkrmoDcOfjzwKBgQDdivLT4O6A59Nzhrpzz5fzeQnpy3uthh3a\nhHPpykCifDUsww033r8a85H3S5UkRpPMcbNbMA/UeiJY/OugdQ1XnYO0/929YSCv\nrMWB7jLWXaKqPDsIyvu6Wiz6PR/RSLc/1dH7YS16l890y8enH8UgQLvdGSrURj3u\nwSteoT55QQKBgQCfOPzyrdBOymC1OUfNHm5IpN2AHT2dkOb+evz1LMwWekDJnWh7\npIwHBSwzZP8B56E6rJS1DmdOEE5eTf2k8OMmu+TMQDDiGdwVO3vNwVPLKn3A0FQ2\nnHqNLidHRQDvkeASC2NaprlE5Y3rQEKDVRSqFoGF+5rTWZKWfbp9MjpHDwKBgQC4\njCPFziy/ot4o8UVmbbq1bdGNOR1Yqk06F3X7faij8fXVyNG9BceKKvYf241sf4Jl\nHx36SyoUpHzyRhX+PyOTJbpuT2omdL9mt/R7TLJ6kduMFcpTg8t4K+AlwD899mX4\nPiTCU+wvoECHma1CEZwDRwl3n5xm4fB7b9yx4n4JQQKBgH+zymoxGceGZQVYxsxP\nUQ6mb3wO6ljEppdxP0IFWcm8VtfOynqZ4vriojRicbnQ5n4ak9P3k43Krt4N+Ivz\n9GYGfgB/UmnsnHvXP7hNah7PLper+Zqz2Nu5OoeaBff10s2V0k1acLa6ZFFhpg7b\nZU0Y1iiNWJCMDPI890GgAyJj\n-----END PRIVATE KEY-----\n",
            "public_key_fingerprint_md5": "67:cd:15:b6:f7:f5:08:52:c2:c7:8f:8f:30:f9:ab:9a",
            "public_key_fingerprint_sha256": "SHA256:2j6EldAp6N24iAVtiUypzQDSjXbLpryLwEPHvH6qseI",
            "public_key_openssh": "ssh-rsa AAAAB3NzaC1yc2EAAAADAQABAAABAQCrwaf/VnDcDXj9QbxgBpFK7Eud9F5TR485Gw6R7VBz8fGkwNu5hyOWRvz4MI6UYgGQKKGSHD+BsxgRIwSK8H0ZgjzAhR2p5pLjVNy0sYwR4StbpxdPJuQD8JcEso2sOFfjyvrC3KguEHMosol+52NRO+bn1merhSLNy2IUG4uL65wdIUxf/Wt8g1saWCZcw1rGrRfG6/vD7qrD7gpyjWGEdR+TNRVQxePQczz3+SDw6R43AvyPLCjS4ahnRAEWdeAPPEPSbTL1deArmphXvsk8z7Nflp5n8VHkSPrWwl2n49wj2eu7v8WRzA6UR9k+2wvaeMpJsWmsvvC0JK2gr66P\n",
            "public_key_pem": "-----BEGIN PUBLIC KEY-----\nMIIBIjANBgkqhkiG9w0BAQEFAAOCAQ8AMIIBCgKCAQEAq8Gn/1Zw3A14/UG8YAaR\nSuxLnfReU0ePORsOke1Qc/HxpMDbuYcjlkb8+DCOlGIBkCihkhw/gbMYESMEivB9\nGYI8wIUdqeaS41TctLGMEeErW6cXTybkA/CXBLKNrDhX48r6wtyoLhBzKLKJfudj\nUTvm59Znq4UizctiFBuLi+ucHSFMX/1rfINbGlgmXMNaxq0Xxuv7w+6qw+4Kco1h\nhHUfkzUVUMXj0HM89/kg8OkeNwL8jywo0uGoZ0QBFnXgDzxD0m0y9XXgK5qYV77J\nPM+zX5aeZ/FR5Ej61sJdp+PcI9nru7/FkcwOlEfZPtsL2njKSbFprL7wtCStoK+u\njwIDAQAB\n-----END PUBLIC KEY-----\n",
            "rsa_bits": 2048
          },
          "sensitive_attributes": [
            [
              {
                "type": "get_attr",
                "value": "private_key_pem"
              }
            ],
            [
              {
                "type": "get_attr",
                "value": "private_key_openssh"
              }
            ],
            [
              {
                "type": "get_attr",
                "value": "private_key_pem_pkcs8"
              }
            ]
          ],
          "dependencies": [
            "module.database.aws_db_instance.default",
            "module.database.aws_db_parameter_group.default",
            "module.database.aws_db_subnet_group.default",
            "module.network.aws_subnet.private",
            "module.network.aws_subnet.private_2",
            "module.network.aws_vpc.main_vpc",
            "module.security.aws_security_group.db",
            "module.security.aws_security_group.web"
          ],
          "create_before_destroy": true
        }
      ]
    }
  ],
  "check_results": null
}
